
Microsoft Visual Studio Solution File, Format Version 12.00
Project("{FAE04EC0-301F-11D3-BF4B-00C04F79EFBC}") = "ModdedMinecraftClub.MemberBot.Bot", "ModdedMinecraftClub.MemberBot.Bot\ModdedMinecraftClub.MemberBot.Bot.csproj", "{286474BC-E247-4EF2-A775-27740C89321D}"
EndProject
Project("{FAE04EC0-301F-11D3-BF4B-00C04F79EFBC}") = "ModdedMinecraftClub.MemberBot.Core", "ModdedMinecraftClub.MemberBot.Core\ModdedMinecraftClub.MemberBot.Core.csproj", "{E80FE054-9603-4AAF-BBE4-F9EDFE0D4008}"
EndProject
Global
	GlobalSection(SolutionConfigurationPlatforms) = preSolution
		Debug|Any CPU = Debug|Any CPU
		Release|Any CPU = Release|Any CPU
	EndGlobalSection
	GlobalSection(ProjectConfigurationPlatforms) = postSolution
		{286474BC-E247-4EF2-A775-27740C89321D}.Debug|Any CPU.ActiveCfg = Debug|Any CPU
		{286474BC-E247-4EF2-A775-27740C89321D}.Debug|Any CPU.Build.0 = Debug|Any CPU
		{286474BC-E247-4EF2-A775-27740C89321D}.Release|Any CPU.ActiveCfg = Release|Any CPU
		{286474BC-E247-4EF2-A775-27740C89321D}.Release|Any CPU.Build.0 = Release|Any CPU
		{E80FE054-9603-4AAF-BBE4-F9EDFE0D4008}.Debug|Any CPU.ActiveCfg = Debug|Any CPU
		{E80FE054-9603-4AAF-BBE4-F9EDFE0D4008}.Debug|Any CPU.Build.0 = Debug|Any CPU
		{E80FE054-9603-4AAF-BBE4-F9EDFE0D4008}.Release|Any CPU.ActiveCfg = Release|Any CPU
		{E80FE054-9603-4AAF-BBE4-F9EDFE0D4008}.Release|Any CPU.Build.0 = Release|Any CPU
	EndGlobalSection
EndGlobal
